
Microsoft Visual Studio Solution File, Format Version 12.00
# Visual Studio 2013
VisualStudioVersion = 12.0.21005.1
MinimumVisualStudioVersion = 10.0.40219.1
Project("{FAE04EC0-301F-11D3-BF4B-00C04F79EFBC}") = "AutomatedTests.Appium", "AutomatedTests.Appium\AutomatedTests.Appium.csproj", "{EB3D9555-7FD6-428F-A3B5-78B16415603E}"
EndProject
Project("{FAE04EC0-301F-11D3-BF4B-00C04F79EFBC}") = "AutomatedTests.Selenium", "AutomatedTests.Selenium\AutomatedTests.Selenium.csproj", "{1E444204-7B51-483B-A2CC-F3976C610CD2}"
EndProject
Project("{FAE04EC0-301F-11D3-BF4B-00C04F79EFBC}") = "AutomatedTests.RESTApi", "AutomatedTests.RESTApi\AutomatedTests.RESTApi.csproj", "{D63690FF-96C9-4E23-9DC7-4A0B1F28CD9C}"
EndProject
Global
	GlobalSection(SolutionConfigurationPlatforms) = preSolution
		Debug|Any CPU = Debug|Any CPU
		Release|Any CPU = Release|Any CPU
	EndGlobalSection
	GlobalSection(ProjectConfigurationPlatforms) = postSolution
		{EB3D9555-7FD6-428F-A3B5-78B16415603E}.Debug|Any CPU.ActiveCfg = Debug|Any CPU
		{EB3D9555-7FD6-428F-A3B5-78B16415603E}.Debug|Any CPU.Build.0 = Debug|Any CPU
		{EB3D9555-7FD6-428F-A3B5-78B16415603E}.Release|Any CPU.ActiveCfg = Release|Any CPU
		{EB3D9555-7FD6-428F-A3B5-78B16415603E}.Release|Any CPU.Build.0 = Release|Any CPU
		{1E444204-7B51-483B-A2CC-F3976C610CD2}.Debug|Any CPU.ActiveCfg = Debug|Any CPU
		{1E444204-7B51-483B-A2CC-F3976C610CD2}.Debug|Any CPU.Build.0 = Debug|Any CPU
		{1E444204-7B51-483B-A2CC-F3976C610CD2}.Release|Any CPU.ActiveCfg = Release|Any CPU
		{1E444204-7B51-483B-A2CC-F3976C610CD2}.Release|Any CPU.Build.0 = Release|Any CPU
		{D63690FF-96C9-4E23-9DC7-4A0B1F28CD9C}.Debug|Any CPU.ActiveCfg = Debug|Any CPU
		{D63690FF-96C9-4E23-9DC7-4A0B1F28CD9C}.Debug|Any CPU.Build.0 = Debug|Any CPU
		{D63690FF-96C9-4E23-9DC7-4A0B1F28CD9C}.Release|Any CPU.ActiveCfg = Release|Any CPU
		{D63690FF-96C9-4E23-9DC7-4A0B1F28CD9C}.Release|Any CPU.Build.0 = Release|Any CPU
	EndGlobalSection
	GlobalSection(SolutionProperties) = preSolution
		HideSolutionNode = FALSE
	EndGlobalSection
EndGlobal
